<Project xmlns="http://schemas.microsoft.com/developer/msbuild/2003">
    <PropertyGroup>
        <ProjectGuid>{524F2B6C-B48C-4888-9D38-1DA988B09E0A}</ProjectGuid>
        <ProjectVersion>20.3</ProjectVersion>
        <FrameworkType>VCL</FrameworkType>
        <Base>True</Base>
        <Config Condition="'$(Config)'==''">Debug</Config>
        <Platform Condition="'$(Platform)'==''">Win64</Platform>
        <ProjectName Condition="'$(ProjectName)'==''">NppESPHome</ProjectName>
        <TargetedPlatforms>3</TargetedPlatforms>
        <AppType>Library</AppType>
        <MainSource>NppESPHome.dpr</MainSource>
    </PropertyGroup>
    <PropertyGroup Condition="'$(Config)'=='Base' or '$(Base)'!=''">
        <Base>true</Base>
    </PropertyGroup>
    <PropertyGroup Condition="('$(Platform)'=='Win32' and '$(Base)'=='true') or '$(Base_Win32)'!=''">
        <Base_Win32>true</Base_Win32>
        <CfgParent>Base</CfgParent>
        <Base>true</Base>
    </PropertyGroup>
    <PropertyGroup Condition="('$(Platform)'=='Win64' and '$(Base)'=='true') or '$(Base_Win64)'!=''">
        <Base_Win64>true</Base_Win64>
        <CfgParent>Base</CfgParent>
        <Base>true</Base>
    </PropertyGroup>
    <PropertyGroup Condition="'$(Config)'=='Debug' or '$(Cfg_1)'!=''">
        <Cfg_1>true</Cfg_1>
        <CfgParent>Base</CfgParent>
        <Base>true</Base>
    </PropertyGroup>
    <PropertyGroup Condition="('$(Platform)'=='Win32' and '$(Cfg_1)'=='true') or '$(Cfg_1_Win32)'!=''">
        <Cfg_1_Win32>true</Cfg_1_Win32>
        <CfgParent>Cfg_1</CfgParent>
        <Cfg_1>true</Cfg_1>
        <Base>true</Base>
    </PropertyGroup>
    <PropertyGroup Condition="('$(Platform)'=='Win64' and '$(Cfg_1)'=='true') or '$(Cfg_1_Win64)'!=''">
        <Cfg_1_Win64>true</Cfg_1_Win64>
        <CfgParent>Cfg_1</CfgParent>
        <Cfg_1>true</Cfg_1>
        <Base>true</Base>
    </PropertyGroup>
    <PropertyGroup Condition="'$(Config)'=='Release' or '$(Cfg_2)'!=''">
        <Cfg_2>true</Cfg_2>
        <CfgParent>Base</CfgParent>
        <Base>true</Base>
    </PropertyGroup>
    <PropertyGroup Condition="('$(Platform)'=='Win32' and '$(Cfg_2)'=='true') or '$(Cfg_2_Win32)'!=''">
        <Cfg_2_Win32>true</Cfg_2_Win32>
        <CfgParent>Cfg_2</CfgParent>
        <Cfg_2>true</Cfg_2>
        <Base>true</Base>
    </PropertyGroup>
    <PropertyGroup Condition="('$(Platform)'=='Win64' and '$(Cfg_2)'=='true') or '$(Cfg_2_Win64)'!=''">
        <Cfg_2_Win64>true</Cfg_2_Win64>
        <CfgParent>Cfg_2</CfgParent>
        <Cfg_2>true</Cfg_2>
        <Base>true</Base>
    </PropertyGroup>
    <PropertyGroup Condition="'$(Base)'!=''">
        <DCC_DcuOutput>..\Bin\__$(Platform)\$(Config)</DCC_DcuOutput>
        <DCC_ExeOutput>..\Bin\__$(Platform)\$(Config)</DCC_ExeOutput>
        <DCC_E>false</DCC_E>
        <DCC_N>false</DCC_N>
        <DCC_S>false</DCC_S>
        <DCC_F>false</DCC_F>
        <DCC_K>false</DCC_K>
        <GenDll>true</GenDll>
        <DCC_Namespace>System;Xml;Data;Datasnap;Web;Soap;Vcl;Vcl.Imaging;Vcl.Touch;Vcl.Samples;Vcl.Shell;$(DCC_Namespace)</DCC_Namespace>
        <SanitizedProjectName>NppESPHome</SanitizedProjectName>
        <DCC_UnitSearchPath>..\Lib;..\External;$(DCC_UnitSearchPath)</DCC_UnitSearchPath>
        <VerInfo_Locale>1033</VerInfo_Locale>
        <VerInfo_Keys>CompanyName=Andrea Tiburzi 2025;FileDescription=ESPHome Plugin for Notepad++;FileVersion=1.0.26.40;InternalName=NppESPHome;LegalCopyright=;LegalTrademarks=;OriginalFilename=NppESPHome.dll;ProgramID=$(MSBuildProjectName);ProductName=$(MSBuildProjectName);ProductVersion=1.0.0.0;Comments=Notepad++ plugin designed to act as a wrapper for ESPHome</VerInfo_Keys>
        <VerInfo_IncludeVerInfo>true</VerInfo_IncludeVerInfo>
        <VerInfo_Release>26</VerInfo_Release>
        <VerInfo_DLL>true</VerInfo_DLL>
        <VerInfo_AutoIncVersion>true</VerInfo_AutoIncVersion>
        <VerInfo_Build>40</VerInfo_Build>
    </PropertyGroup>
    <PropertyGroup Condition="'$(Base_Win32)'!=''">
        <DCC_UsePackage>dxPScxCommonRS29;JvNet;dxRibbonRS29;vclwinx;DataSnapServer;dxPScxExtCommonRS29;dxRichEditControlCoreRS29;fmx;dxSpreadSheetReportDesignerRS29;vclie;DbxCommonDriver;bindengine;IndyIPCommon;VCLRESTComponents;DBXMSSQLDriver;FireDACCommonODBC;emsclient;dxComnRS29;dxFlowChartDesignerRS29;appanalytics;IndyProtocols;vclx;Skia.Package.RTL;dxBarExtDBItemsRS29;dbxcds;vcledge;cxVerticalGridRS29;FrameStandPackage_11_1;FmxTeeUI;cxFireDACAdaptersRS29;dxPSDBTeeChartRS29;cxSchedulerWebServiceStorageRS29;DBXFirebirdDriver;dxRichEditControlRS29;dxPsPrVwAdvRS29;JvAppFrm;FireDACSqliteDriver;DbxClientDriver;dxPSdxGaugeControlLnkRS29;JclVcl;soapmidas;dxRibbonCustomizationFormRS29;TeeUI;Jcl;dbexpress;JvManagedThreads;dxEMFRS29;dxDockingRS29;inet;vcltouch;JvDB;dxPSdxFCLnkRS29;dxorgcRS29;FireDACDBXDriver;dxSpreadSheetCoreConditionalFormattingDialogsRS29;fmxdae;SysToolsDR;dxPSRichEditControlLnkRS29;dxPSdxSpreadSheetLnkRS29;CustomIPTransport;FireDACMSSQLDriver;EssentialsDR;JvSystem;JvCustom;JvControls;cxADOAdaptersRS29;OmniThreadLibraryRuntime;JvCrypt;JvJans;dxPSPrVwRibbonRS29;IndySystem;dxPScxTLLnkRS29;JvMM;dxPSdxDBOCLnkRS29;JvGlobus;dxGDIPlusRS29;VirtualTreesR;JclContainers;JvPageComps;vclFireDAC;dxPSCoreRS29;dxSpreadSheetRS29;FireDACCommon;DataSnapServerMidas;FireDACODBCDriver;emsserverresource;cxGridEMFRS29;dxPSdxMapControlLnkRS29;dxGanttControlRS29;dxPScxVGridLnkRS29;dxPScxPivotGridLnkRS29;dxADOServerModeRS29;dxWizardControlRS29;DOSCommandDR;bindcompdbx;rtl;FireDACMySQLDriver;dxCloudServiceLibraryRS29;dxServerModeRS29;StyledAnimatedComponents;DBXSqliteDriver;dxBarDBNavRS29;DBXSybaseASEDriver;dxSpreadSheetCoreRS29;JvRuntimeDesign;dxNavBarRS29;JvXPCtrls;vclimg;DataSnapFireDAC;inetdbxpress;FireDAC;JvDocking;JvDlgs;xmlrtl;dxFireDACEMFRS29;dsnap;JvCmp;FireDACDb2Driver;dxPSdxLCLnkRS29;DBXOracleDriver;pkCindyPackD11;DBXInformixDriver;fmxobj;bindcompvclsmp;DataSnapNativeClient;DatasnapConnectorsFreePascal;dxPSLnksRS29;dxmdsRS29;dxPSdxOCLnkRS29;cxSchedulerGridRS29;dxPScxSchedulerLnkRS29;emshosting;dxADOEMFRS29;dxChartControlRS29;dxPSdxDBTVLnkRS29;FireDACCommonDriver;dxGaugeControlRS29;IndyIPClient;dxPDFViewerRS29;bindcompvclwinx;dxOrgChartAdvancedCustomizeFormRS29;emsedge;bindcompfmx;dxBarExtItemsRS29;SysToolsDBDR;JvBands;dxFlowChartLayoutsRS29;inetdb;dxdborRS29;FireDACASADriver;Tee;dxPScxGridLnkRS29;cxPivotGridChartRS29;vclactnband;fmxFireDAC;FireDACInfxDriver;dxRichEditCoreRS29;cxTreeListdxBarPopupMenuRS29;DBXMySQLDriver;dxFlowChartAdvancedCustomizeFormRS29;VclSmp;cxSchedulerRibbonStyleEventEditorRS29;DataSnapCommon;JvPascalInterpreter;dxPSTeeChartRS29;fmxase;dxtrmdRS29;dxFlowChartRS29;JvPluginSystem;DBXOdbcDriver;JvTimeFramework;dbrtl;dxPScxPCProdRS29;FireDACOracleDriver;Skia.Package.FMX;ComPortDrv;TeeDB;FireDACMSAccDriver;cxGridRS29;dxSpellCheckerRS29;AbbreviaVCLD;DataSnapIndy10ServerTransport;JclDeveloperTools;dxRichEditDocumentModelRS29;dxMapControlRS29;DataSnapConnectors;vcldsnap;DBXInterBaseDriver;FireDACMongoDBDriver;JvWizards;FireDACTDataDriver;cxLibraryRS29;Skia.Package.VCL;vcldb;StyledComponents;SynEditDR;IconFontsImageList;dxPSdxPDFViewerLnkRS29;cxSchedulerTreeBrowserRS29;JvCore;bindcomp;dxTabbedMDIRS29;cxExportRS29;inetstn;IndyCore;RESTBackendComponents;dxHttpIndyRequestRS29;dxTileControlRS29;dxFireDACServerModeRS29;cxPivotGridOLAPRS29;FireDACADSDriver;RESTComponents;IndyIPServer;vcl;dsnapxml;adortl;dsnapcon;DataSnapClient;DataSnapProviderClient;dxCoreRS29;cxPivotGridRS29;dxdbtrRS29;JvDotNetCtrls;JvHMI;DBXDb2Driver;dxSkinsCoreRS29;emsclientfiredac;FireDACPgDriver;FireDACDSDriver;dxBarRS29;JvPrintPreview;tethering;JvStdCtrls;bindcompvcl;CloudService;DBXSybaseASADriver;dxSpreadSheetConditionalFormattingDialogsRS29;cxTreeListRS29;IconFontsImageListFMX;FMXTee;soaprtl;dxDBXServerModeRS29;cxSchedulerRS29;soapserver;FireDACIBDriver;$(DCC_UsePackage)</DCC_UsePackage>
        <DCC_Namespace>Winapi;System.Win;Data.Win;Datasnap.Win;Web.Win;Soap.Win;Xml.Win;Bde;$(DCC_Namespace)</DCC_Namespace>
        <BT_BuildType>Debug</BT_BuildType>
        <Manifest_File>(None)</Manifest_File>
        <AppDPIAwarenessMode>none</AppDPIAwarenessMode>
    </PropertyGroup>
    <PropertyGroup Condition="'$(Base_Win64)'!=''">
        <DCC_UsePackage>dxPScxCommonRS29;dxRibbonRS29;vclwinx;DataSnapServer;dxPScxExtCommonRS29;dxRichEditControlCoreRS29;fmx;dxSpreadSheetReportDesignerRS29;vclie;DbxCommonDriver;bindengine;IndyIPCommon;VCLRESTComponents;DBXMSSQLDriver;FireDACCommonODBC;emsclient;dxComnRS29;dxFlowChartDesignerRS29;appanalytics;IndyProtocols;vclx;dxBarExtDBItemsRS29;dbxcds;vcledge;cxVerticalGridRS29;FrameStandPackage_11_1;FmxTeeUI;cxFireDACAdaptersRS29;dxPSDBTeeChartRS29;cxSchedulerWebServiceStorageRS29;DBXFirebirdDriver;dxRichEditControlRS29;dxPsPrVwAdvRS29;FireDACSqliteDriver;DbxClientDriver;dxPSdxGaugeControlLnkRS29;soapmidas;dxRibbonCustomizationFormRS29;TeeUI;dbexpress;dxEMFRS29;dxDockingRS29;inet;vcltouch;dxPSdxFCLnkRS29;dxorgcRS29;FireDACDBXDriver;dxSpreadSheetCoreConditionalFormattingDialogsRS29;fmxdae;SysToolsDR;dxPSRichEditControlLnkRS29;dxPSdxSpreadSheetLnkRS29;CustomIPTransport;FireDACMSSQLDriver;EssentialsDR;cxADOAdaptersRS29;OmniThreadLibraryRuntime;dxPSPrVwRibbonRS29;IndySystem;dxPScxTLLnkRS29;dxPSdxDBOCLnkRS29;dxGDIPlusRS29;VirtualTreesR;vclFireDAC;dxPSCoreRS29;dxSpreadSheetRS29;FireDACCommon;DataSnapServerMidas;FireDACODBCDriver;emsserverresource;cxGridEMFRS29;dxPSdxMapControlLnkRS29;dxGanttControlRS29;dxPScxVGridLnkRS29;dxPScxPivotGridLnkRS29;dxADOServerModeRS29;dxWizardControlRS29;DOSCommandDR;bindcompdbx;rtl;FireDACMySQLDriver;dxCloudServiceLibraryRS29;dxServerModeRS29;StyledAnimatedComponents;DBXSqliteDriver;dxBarDBNavRS29;DBXSybaseASEDriver;dxSpreadSheetCoreRS29;dxNavBarRS29;vclimg;DataSnapFireDAC;inetdbxpress;FireDAC;xmlrtl;dxFireDACEMFRS29;dsnap;FireDACDb2Driver;dxPSdxLCLnkRS29;DBXOracleDriver;DBXInformixDriver;fmxobj;bindcompvclsmp;DataSnapNativeClient;DatasnapConnectorsFreePascal;dxPSLnksRS29;dxmdsRS29;dxPSdxOCLnkRS29;cxSchedulerGridRS29;dxPScxSchedulerLnkRS29;emshosting;dxADOEMFRS29;dxChartControlRS29;dxPSdxDBTVLnkRS29;FireDACCommonDriver;dxGaugeControlRS29;IndyIPClient;dxPDFViewerRS29;bindcompvclwinx;dxOrgChartAdvancedCustomizeFormRS29;emsedge;bindcompfmx;dxBarExtItemsRS29;SysToolsDBDR;dxFlowChartLayoutsRS29;inetdb;dxdborRS29;FireDACASADriver;Tee;dxPScxGridLnkRS29;cxPivotGridChartRS29;vclactnband;fmxFireDAC;FireDACInfxDriver;dxRichEditCoreRS29;cxTreeListdxBarPopupMenuRS29;DBXMySQLDriver;dxFlowChartAdvancedCustomizeFormRS29;VclSmp;cxSchedulerRibbonStyleEventEditorRS29;DataSnapCommon;dxPSTeeChartRS29;fmxase;dxtrmdRS29;dxFlowChartRS29;DBXOdbcDriver;dbrtl;dxPScxPCProdRS29;FireDACOracleDriver;ComPortDrv;TeeDB;FireDACMSAccDriver;cxGridRS29;dxSpellCheckerRS29;AbbreviaVCLD;DataSnapIndy10ServerTransport;dxRichEditDocumentModelRS29;dxMapControlRS29;DataSnapConnectors;vcldsnap;DBXInterBaseDriver;FireDACMongoDBDriver;FireDACTDataDriver;cxLibraryRS29;Skia.Package.VCL;vcldb;StyledComponents;SynEditDR;IconFontsImageList;dxPSdxPDFViewerLnkRS29;cxSchedulerTreeBrowserRS29;bindcomp;dxTabbedMDIRS29;cxExportRS29;inetstn;IndyCore;RESTBackendComponents;dxHttpIndyRequestRS29;dxTileControlRS29;dxFireDACServerModeRS29;cxPivotGridOLAPRS29;FireDACADSDriver;RESTComponents;IndyIPServer;vcl;dsnapxml;adortl;dsnapcon;DataSnapClient;DataSnapProviderClient;dxCoreRS29;cxPivotGridRS29;dxdbtrRS29;DBXDb2Driver;dxSkinsCoreRS29;emsclientfiredac;FireDACPgDriver;FireDACDSDriver;dxBarRS29;tethering;bindcompvcl;CloudService;DBXSybaseASADriver;dxSpreadSheetConditionalFormattingDialogsRS29;cxTreeListRS29;IconFontsImageListFMX;FMXTee;soaprtl;dxDBXServerModeRS29;cxSchedulerRS29;soapserver;FireDACIBDriver;$(DCC_UsePackage)</DCC_UsePackage>
        <DCC_Namespace>Winapi;System.Win;Data.Win;Datasnap.Win;Web.Win;Soap.Win;Xml.Win;$(DCC_Namespace)</DCC_Namespace>
        <BT_BuildType>Debug</BT_BuildType>
        <Manifest_File>(None)</Manifest_File>
        <AppDPIAwarenessMode>none</AppDPIAwarenessMode>
    </PropertyGroup>
    <PropertyGroup Condition="'$(Cfg_1)'!=''">
        <DCC_Define>DEBUG;$(DCC_Define)</DCC_Define>
        <DCC_DebugDCUs>true</DCC_DebugDCUs>
        <DCC_Optimize>false</DCC_Optimize>
        <DCC_GenerateStackFrames>true</DCC_GenerateStackFrames>
        <DCC_DebugInfoInExe>true</DCC_DebugInfoInExe>
        <DCC_RemoteDebug>true</DCC_RemoteDebug>
        <DCC_IntegerOverflowCheck>true</DCC_IntegerOverflowCheck>
        <DCC_RangeChecking>true</DCC_RangeChecking>
        <DCC_ExeOutput>C:\Program Files\Notepad++\plugins\NppESPHome\</DCC_ExeOutput>
        <DCC_OutputDRCFile>true</DCC_OutputDRCFile>
        <DCC_DcuOutput>..\Bin\__$(Platform)</DCC_DcuOutput>
    </PropertyGroup>
    <PropertyGroup Condition="'$(Cfg_1_Win32)'!=''">
        <DCC_RemoteDebug>false</DCC_RemoteDebug>
    </PropertyGroup>
    <PropertyGroup Condition="'$(Cfg_1_Win64)'!=''">
        <Debugger_HostApplication>C:\Program Files\Notepad++\notepad++.exe</Debugger_HostApplication>
        <VerInfo_Build>46</VerInfo_Build>
        <VerInfo_Keys>CompanyName=Andrea Tiburzi 2025;FileDescription=ESPHome Plugin for Notepad++;FileVersion=1.0.26.46;InternalName=NppESPHome;LegalCopyright=;LegalTrademarks=;OriginalFilename=NppESPHome.dll;ProgramID=$(MSBuildProjectName);ProductName=$(MSBuildProjectName);ProductVersion=1.0.0.0;Comments=Notepad++ plugin designed to act as a wrapper for ESPHome</VerInfo_Keys>
    </PropertyGroup>
    <PropertyGroup Condition="'$(Cfg_2)'!=''">
        <DCC_LocalDebugSymbols>false</DCC_LocalDebugSymbols>
        <DCC_Define>RELEASE;$(DCC_Define)</DCC_Define>
        <DCC_SymbolReferenceInfo>0</DCC_SymbolReferenceInfo>
        <DCC_DebugInformation>0</DCC_DebugInformation>
        <DCC_AssertionsAtRuntime>false</DCC_AssertionsAtRuntime>
        <PostBuildEvent><![CDATA[start /wait upx.exe -9 "$(OUTPUTPATH)"
explorer.exe /select,"$(OUTPUTPATH)"
]]></PostBuildEvent>
        <PostBuildEventCancelOnError>false</PostBuildEventCancelOnError>
        <DCC_ExeOutput>..\Bin\$(Platform)</DCC_ExeOutput>
        <PostBuildEventExecuteWhen>TargetOutOfDate</PostBuildEventExecuteWhen>
    </PropertyGroup>
    <PropertyGroup Condition="'$(Cfg_2_Win32)'!=''">
        <VerInfo_Build>0</VerInfo_Build>
        <VerInfo_Keys>CompanyName=Andrea Tiburzi 2025;FileDescription=ESPHome Plugin for Notepad++;FileVersion=1.0.26.0;InternalName=NppESPHome;LegalCopyright=;LegalTrademarks=;OriginalFilename=NppESPHome.dll;ProgramID=$(MSBuildProjectName);ProductName=$(MSBuildProjectName);ProductVersion=1.0.0.0;Comments=Notepad++ plugin designed to act as a wrapper for ESPHome</VerInfo_Keys>
        <VerInfo_AutoIncVersion>false</VerInfo_AutoIncVersion>
    </PropertyGroup>
    <PropertyGroup Condition="'$(Cfg_2_Win64)'!=''">
        <VerInfo_Build>0</VerInfo_Build>
        <VerInfo_Keys>CompanyName=Andrea Tiburzi 2025;FileDescription=ESPHome Plugin for Notepad++;FileVersion=1.0.26.0;InternalName=NppESPHome;LegalCopyright=;LegalTrademarks=;OriginalFilename=NppESPHome.dll;ProgramID=$(MSBuildProjectName);ProductName=$(MSBuildProjectName);ProductVersion=1.0.0.0;Comments=Notepad++ plugin designed to act as a wrapper for ESPHome</VerInfo_Keys>
        <VerInfo_AutoIncVersion>false</VerInfo_AutoIncVersion>
    </PropertyGroup>
    <ItemGroup>
        <DelphiCompile Include="$(MainSource)">
            <MainSource>MainSource</MainSource>
        </DelphiCompile>
        <DCCReference Include="..\Lib\NppPlugin.pas"/>
        <DCCReference Include="..\Lib\NppPluginForms.pas">
            <Form>NppPluginForm</Form>
        </DCCReference>
        <DCCReference Include="..\Lib\NppPluginDockingForms.pas">
            <Form>NppPluginDockingForm</Form>
        </DCCReference>
        <DCCReference Include="..\Lib\NppSupport.pas"/>
        <DCCReference Include="..\Lib\NppMenuCmdID.pas"/>
        <DCCReference Include="..\Lib\SciSupport.pas"/>
        <DCCReference Include="..\Lib\FileVersionInfo.pas"/>
        <DCCReference Include="ESPHomePlugin.pas"/>
        <DCCReference Include="UnitFormSelection.pas">
            <Form>FormSelection</Form>
        </DCCReference>
        <DCCReference Include="UnitFormConfig.pas">
            <Form>FormConfiguration</Form>
        </DCCReference>
        <DCCReference Include="ESPHomeShared.pas"/>
        <DCCReference Include="UnitFormAbout.pas">
            <Form>FormAbout</Form>
            <FormType>dfm</FormType>
        </DCCReference>
        <DCCReference Include="UnitFormToolbar.pas">
            <Form>FormToolbar</Form>
            <FormType>dfm</FormType>
        </DCCReference>
        <DCCReference Include="UnitFormProjects.pas">
            <Form>FormProjects</Form>
            <FormType>dfm</FormType>
        </DCCReference>
        <RcItem Include="..\Resources\NppESPHome_Dark.ico">
            <ResourceType>ICON</ResourceType>
            <ResourceId>main_dark</ResourceId>
        </RcItem>
        <RcItem Include="..\Resources\NppESPHome_Light.ico">
            <ResourceType>ICON</ResourceType>
            <ResourceId>main_light</ResourceId>
        </RcItem>
        <RcItem Include="..\Resources\Toolbar\Clean.bmp">
            <ResourceType>BITMAP</ResourceType>
            <ResourceId>clean</ResourceId>
        </RcItem>
        <RcItem Include="..\Resources\Toolbar\Clean_Dark.ico">
            <ResourceType>ICON</ResourceType>
            <ResourceId>clean_dark</ResourceId>
        </RcItem>
        <RcItem Include="..\Resources\Toolbar\Clean_Light.ico">
            <ResourceType>ICON</ResourceType>
            <ResourceId>clean_light</ResourceId>
        </RcItem>
        <RcItem Include="..\Resources\Toolbar\Compile.bmp">
            <ResourceType>BITMAP</ResourceType>
            <ResourceId>compile</ResourceId>
        </RcItem>
        <RcItem Include="..\Resources\Toolbar\Compile_Dark.ico">
            <ResourceType>ICON</ResourceType>
            <ResourceId>compile_dark</ResourceId>
        </RcItem>
        <RcItem Include="..\Resources\Toolbar\Compile_Light.ico">
            <ResourceType>ICON</ResourceType>
            <ResourceId>compile_light</ResourceId>
        </RcItem>
        <RcItem Include="..\Resources\Toolbar\Configure.bmp">
            <ResourceType>BITMAP</ResourceType>
            <ResourceId>configure</ResourceId>
        </RcItem>
        <RcItem Include="..\Resources\Toolbar\Help.bmp">
            <ResourceType>BITMAP</ResourceType>
            <ResourceId>help</ResourceId>
        </RcItem>
        <RcItem Include="..\Resources\Toolbar\Help_Dark.ico">
            <ResourceType>ICON</ResourceType>
            <ResourceId>help_dark</ResourceId>
        </RcItem>
        <RcItem Include="..\Resources\Toolbar\Help_Light.ico">
            <ResourceType>ICON</ResourceType>
            <ResourceId>help_light</ResourceId>
        </RcItem>
        <RcItem Include="..\Resources\Toolbar\Open.bmp">
            <ResourceType>BITMAP</ResourceType>
            <ResourceId>open</ResourceId>
        </RcItem>
        <RcItem Include="..\Resources\Toolbar\Open_Dark.ico">
            <ResourceType>ICON</ResourceType>
            <ResourceId>open_dark</ResourceId>
        </RcItem>
        <RcItem Include="..\Resources\Toolbar\Open_Light.ico">
            <ResourceType>ICON</ResourceType>
            <ResourceId>open_light</ResourceId>
        </RcItem>
        <RcItem Include="..\Resources\Toolbar\OpenDeps.bmp">
            <ResourceType>BITMAP</ResourceType>
            <ResourceId>opendeps</ResourceId>
        </RcItem>
        <RcItem Include="..\Resources\Toolbar\OpenDeps_Dark.ico">
            <ResourceType>ICON</ResourceType>
            <ResourceId>opendeps_dark</ResourceId>
        </RcItem>
        <RcItem Include="..\Resources\Toolbar\OpenDeps_Light.ico">
            <ResourceType>ICON</ResourceType>
            <ResourceId>opendeps_light</ResourceId>
        </RcItem>
        <RcItem Include="..\Resources\Toolbar\Run.bmp">
            <ResourceType>BITMAP</ResourceType>
            <ResourceId>run</ResourceId>
        </RcItem>
        <RcItem Include="..\Resources\Toolbar\Run_Dark.ico">
            <ResourceType>ICON</ResourceType>
            <ResourceId>run_dark</ResourceId>
        </RcItem>
        <RcItem Include="..\Resources\Toolbar\Run_Light.ico">
            <ResourceType>ICON</ResourceType>
            <ResourceId>run_light</ResourceId>
        </RcItem>
        <RcItem Include="..\Resources\Toolbar\Select.bmp">
            <ResourceType>BITMAP</ResourceType>
            <ResourceId>select</ResourceId>
        </RcItem>
        <RcItem Include="..\Resources\Toolbar\Select_Dark.ico">
            <ResourceType>ICON</ResourceType>
            <ResourceId>select_dark</ResourceId>
        </RcItem>
        <RcItem Include="..\Resources\Toolbar\Select_Light.ico">
            <ResourceType>ICON</ResourceType>
            <ResourceId>select_light</ResourceId>
        </RcItem>
        <RcItem Include="..\Resources\Toolbar\ShowLogs.bmp">
            <ResourceType>BITMAP</ResourceType>
            <ResourceId>showlogs</ResourceId>
        </RcItem>
        <RcItem Include="..\Resources\Toolbar\ShowLogs_Dark.ico">
            <ResourceType>ICON</ResourceType>
            <ResourceId>showlogs_dark</ResourceId>
        </RcItem>
        <RcItem Include="..\Resources\Toolbar\ShowLogs_Light.ico">
            <ResourceType>ICON</ResourceType>
            <ResourceId>showlogs_light</ResourceId>
        </RcItem>
        <RcItem Include="..\Resources\Toolbar\Upgrade.bmp">
            <ResourceType>BITMAP</ResourceType>
            <ResourceId>upgrade</ResourceId>
        </RcItem>
        <RcItem Include="..\Resources\Toolbar\Upgrade_Dark.ico">
            <ResourceType>ICON</ResourceType>
            <ResourceId>upgrade_dark</ResourceId>
        </RcItem>
        <RcItem Include="..\Resources\Toolbar\Upgrade_Light.ico">
            <ResourceType>ICON</ResourceType>
            <ResourceId>upgrade_light</ResourceId>
        </RcItem>
        <RcItem Include="..\Resources\Toolbar\Upload.bmp">
            <ResourceType>BITMAP</ResourceType>
            <ResourceId>upload</ResourceId>
        </RcItem>
        <RcItem Include="..\Resources\Toolbar\Upload_Dark.ico">
            <ResourceType>ICON</ResourceType>
            <ResourceId>upload_dark</ResourceId>
        </RcItem>
        <RcItem Include="..\Resources\Toolbar\Upload_Light.ico">
            <ResourceType>ICON</ResourceType>
            <ResourceId>upload_light</ResourceId>
        </RcItem>
        <RcItem Include="..\Resources\Toolbar\Visit.bmp">
            <ResourceType>BITMAP</ResourceType>
            <ResourceId>visit</ResourceId>
        </RcItem>
        <RcItem Include="..\Resources\Toolbar\Visit_Dark.ico">
            <ResourceType>ICON</ResourceType>
            <ResourceId>visit_dark</ResourceId>
        </RcItem>
        <RcItem Include="..\Resources\Toolbar\Visit_Light.ico">
            <ResourceType>ICON</ResourceType>
            <ResourceId>visit_light</ResourceId>
        </RcItem>
        <RcItem Include="..\Resources\Toolbar\Configure_Dark.ico">
            <ResourceType>ICON</ResourceType>
            <ResourceId>configure_dark</ResourceId>
        </RcItem>
        <RcItem Include="..\Resources\Toolbar\Configure_Light.ico">
            <ResourceType>ICON</ResourceType>
            <ResourceId>configure_light</ResourceId>
        </RcItem>
        <RcItem Include="..\Resources\Toolbar\ShowHide.bmp">
            <ResourceType>BITMAP</ResourceType>
            <ResourceId>showhide</ResourceId>
        </RcItem>
        <RcItem Include="..\Resources\Toolbar\ShowHide_Dark.ico">
            <ResourceType>ICON</ResourceType>
            <ResourceId>showhide_dark</ResourceId>
        </RcItem>
        <RcItem Include="..\Resources\Toolbar\ShowHide_Light.ico">
            <ResourceType>ICON</ResourceType>
            <ResourceId>showhide_light</ResourceId>
        </RcItem>
        <BuildConfiguration Include="Base">
            <Key>Base</Key>
        </BuildConfiguration>
        <BuildConfiguration Include="Debug">
            <Key>Cfg_1</Key>
            <CfgParent>Base</CfgParent>
        </BuildConfiguration>
        <BuildConfiguration Include="Release">
            <Key>Cfg_2</Key>
            <CfgParent>Base</CfgParent>
        </BuildConfiguration>
    </ItemGroup>
    <ProjectExtensions>
        <Borland.Personality>Delphi.Personality.12</Borland.Personality>
        <Borland.ProjectType>Application</Borland.ProjectType>
        <BorlandProject>
            <Delphi.Personality>
                <Source>
                    <Source Name="MainSource">NppESPHome.dpr</Source>
                </Source>
                <Excluded_Packages>
                    <Excluded_Packages Name="$(BDSBIN)\dcloffice2k370.bpl">Microsoft Office 2000 Sample Automation Server Wrapper Components</Excluded_Packages>
                    <Excluded_Packages Name="$(BDSBIN)\dclofficexp370.bpl">Microsoft Office XP Sample Automation Server Wrapper Components</Excluded_Packages>
                </Excluded_Packages>
            </Delphi.Personality>
            <Deployment Version="5">
                <DeployFile LocalName="$(BDS)\Redist\iossimulator\libcgunwind.1.0.dylib" Class="DependencyModule">
                    <Platform Name="iOSSimulator">
                        <Overwrite>true</Overwrite>
                    </Platform>
                </DeployFile>
                <DeployFile LocalName="$(BDS)\Redist\iossimulator\libpcre.dylib" Class="DependencyModule">
                    <Platform Name="iOSSimulator">
                        <Overwrite>true</Overwrite>
                    </Platform>
                </DeployFile>
                <DeployFile LocalName="$(BDS)\Redist\osx32\libcgunwind.1.0.dylib" Class="DependencyModule">
                    <Platform Name="OSX32">
                        <Overwrite>true</Overwrite>
                    </Platform>
                </DeployFile>
                <DeployFile LocalName="..\Bin\Win32\NppESPHome.dll" Configuration="Release" Class="ProjectOutput">
                    <Platform Name="Win32">
                        <RemoteName>NppESPHome.dll</RemoteName>
                        <Overwrite>true</Overwrite>
                    </Platform>
                </DeployFile>
                <DeployFile LocalName="..\Bin\Win64\NppESPHome.dll" Configuration="Release" Class="ProjectOutput">
                    <Platform Name="Win64">
                        <RemoteName>NppESPHome.dll</RemoteName>
                        <Overwrite>true</Overwrite>
                    </Platform>
                </DeployFile>
                <DeployFile LocalName="C:\Program Files\Notepad++\plugins\NppESPHome\NppESPHome.dll" Configuration="Debug" Class="ProjectOutput">
                    <Platform Name="Win64">
                        <RemoteName>NppESPHome.dll</RemoteName>
                        <Overwrite>true</Overwrite>
                    </Platform>
                </DeployFile>
                <DeployFile LocalName="Win32\Debug\NppESPHome.dll" Configuration="Debug" Class="ProjectOutput">
                    <Platform Name="Win32">
                        <RemoteName>NppESPHome.dll</RemoteName>
                        <Overwrite>true</Overwrite>
                    </Platform>
                </DeployFile>
                <DeployClass Name="AdditionalDebugSymbols">
                    <Platform Name="iOSSimulator">
                        <Operation>1</Operation>
                    </Platform>
                    <Platform Name="OSX32">
                        <RemoteDir>Contents\MacOS</RemoteDir>
                        <Operation>1</Operation>
                    </Platform>
                    <Platform Name="Win32">
                        <Operation>0</Operation>
                    </Platform>
                </DeployClass>
                <DeployClass Name="AndroidFileProvider">
                    <Platform Name="Android">
                        <RemoteDir>res\xml</RemoteDir>
                        <Operation>1</Operation>
                    </Platform>
                    <Platform Name="Android64">
                        <RemoteDir>res\xml</RemoteDir>
                        <Operation>1</Operation>
                    </Platform>
                </DeployClass>
                <DeployClass Name="AndroidLibnativeArmeabiFile">
                    <Platform Name="Android">
                        <RemoteDir>library\lib\armeabi</RemoteDir>
                        <Operation>1</Operation>
                    </Platform>
                    <Platform Name="Android64">
                        <RemoteDir>library\lib\armeabi</RemoteDir>
                        <Operation>1</Operation>
                    </Platform>
                </DeployClass>
                <DeployClass Name="AndroidLibnativeArmeabiv7aFile">
                    <Platform Name="Android64">
                        <RemoteDir>library\lib\armeabi-v7a</RemoteDir>
                        <Operation>1</Operation>
                    </Platform>
                </DeployClass>
                <DeployClass Name="AndroidLibnativeMipsFile">
                    <Platform Name="Android">
                        <RemoteDir>library\lib\mips</RemoteDir>
                        <Operation>1</Operation>
                    </Platform>
                    <Platform Name="Android64">
                        <RemoteDir>library\lib\mips</RemoteDir>
                        <Operation>1</Operation>
                    </Platform>
                </DeployClass>
                <DeployClass Name="AndroidServiceOutput">
                    <Platform Name="Android">
                        <RemoteDir>library\lib\armeabi-v7a</RemoteDir>
                        <Operation>1</Operation>
                    </Platform>
                    <Platform Name="Android64">
                        <RemoteDir>library\lib\arm64-v8a</RemoteDir>
                        <Operation>1</Operation>
                    </Platform>
                </DeployClass>
                <DeployClass Name="AndroidServiceOutput_Android32">
                    <Platform Name="Android64">
                        <RemoteDir>library\lib\armeabi-v7a</RemoteDir>
                        <Operation>1</Operation>
                    </Platform>
                </DeployClass>
                <DeployClass Name="AndroidSplashImageDef">
                    <Platform Name="Android">
                        <RemoteDir>res\drawable</RemoteDir>
                        <Operation>1</Operation>
                    </Platform>
                    <Platform Name="Android64">
                        <RemoteDir>res\drawable</RemoteDir>
                        <Operation>1</Operation>
                    </Platform>
                </DeployClass>
                <DeployClass Name="AndroidSplashImageDefV21">
                    <Platform Name="Android">
                        <RemoteDir>res\drawable-anydpi-v21</RemoteDir>
                        <Operation>1</Operation>
                    </Platform>
                    <Platform Name="Android64">
                        <RemoteDir>res\drawable-anydpi-v21</RemoteDir>
                        <Operation>1</Operation>
                    </Platform>
                </DeployClass>
                <DeployClass Name="AndroidSplashStyles">
                    <Platform Name="Android">
                        <RemoteDir>res\values</RemoteDir>
                        <Operation>1</Operation>
                    </Platform>
                    <Platform Name="Android64">
                        <RemoteDir>res\values</RemoteDir>
                        <Operation>1</Operation>
                    </Platform>
                </DeployClass>
                <DeployClass Name="AndroidSplashStylesV21">
                    <Platform Name="Android">
                        <RemoteDir>res\values-v21</RemoteDir>
                        <Operation>1</Operation>
                    </Platform>
                    <Platform Name="Android64">
                        <RemoteDir>res\values-v21</RemoteDir>
                        <Operation>1</Operation>
                    </Platform>
                </DeployClass>
                <DeployClass Name="AndroidSplashStylesV31">
                    <Platform Name="Android">
                        <RemoteDir>res\values-v31</RemoteDir>
                        <Operation>1</Operation>
                    </Platform>
                    <Platform Name="Android64">
                        <RemoteDir>res\values-v31</RemoteDir>
                        <Operation>1</Operation>
                    </Platform>
                </DeployClass>
                <DeployClass Name="AndroidSplashStylesV35">
                    <Platform Name="Android">
                        <RemoteDir>res\values-v35</RemoteDir>
                        <Operation>1</Operation>
                    </Platform>
                    <Platform Name="Android64">
                        <RemoteDir>res\values-v35</RemoteDir>
                        <Operation>1</Operation>
                    </Platform>
                </DeployClass>
                <DeployClass Name="Android_AdaptiveIcon">
                    <Platform Name="Android">
                        <RemoteDir>res\drawable-anydpi-v26</RemoteDir>
                        <Operation>1</Operation>
                    </Platform>
                    <Platform Name="Android64">
                        <RemoteDir>res\drawable-anydpi-v26</RemoteDir>
                        <Operation>1</Operation>
                    </Platform>
                </DeployClass>
                <DeployClass Name="Android_AdaptiveIconBackground">
                    <Platform Name="Android">
                        <RemoteDir>res\drawable</RemoteDir>
                        <Operation>1</Operation>
                    </Platform>
                    <Platform Name="Android64">
                        <RemoteDir>res\drawable</RemoteDir>
                        <Operation>1</Operation>
                    </Platform>
                </DeployClass>
                <DeployClass Name="Android_AdaptiveIconForeground">
                    <Platform Name="Android">
                        <RemoteDir>res\drawable</RemoteDir>
                        <Operation>1</Operation>
                    </Platform>
                    <Platform Name="Android64">
                        <RemoteDir>res\drawable</RemoteDir>
                        <Operation>1</Operation>
                    </Platform>
                </DeployClass>
                <DeployClass Name="Android_AdaptiveIconMonochrome">
                    <Platform Name="Android">
                        <RemoteDir>res\drawable</RemoteDir>
                        <Operation>1</Operation>
                    </Platform>
                    <Platform Name="Android64">
                        <RemoteDir>res\drawable</RemoteDir>
                        <Operation>1</Operation>
                    </Platform>
                </DeployClass>
                <DeployClass Name="Android_AdaptiveIconV33">
                    <Platform Name="Android">
                        <RemoteDir>res\drawable-anydpi-v33</RemoteDir>
                        <Operation>1</Operation>
                    </Platform>
                    <Platform Name="Android64">
                        <RemoteDir>res\drawable-anydpi-v33</RemoteDir>
                        <Operation>1</Operation>
                    </Platform>
                </DeployClass>
                <DeployClass Name="Android_Colors">
                    <Platform Name="Android">
                        <RemoteDir>res\values</RemoteDir>
                        <Operation>1</Operation>
                    </Platform>
                    <Platform Name="Android64">
                        <RemoteDir>res\values</RemoteDir>
                        <Operation>1</Operation>
                    </Platform>
                </DeployClass>
                <DeployClass Name="Android_ColorsDark">
                    <Platform Name="Android">
                        <RemoteDir>res\values-night-v21</RemoteDir>
                        <Operation>1</Operation>
                    </Platform>
                    <Platform Name="Android64">
                        <RemoteDir>res\values-night-v21</RemoteDir>
                        <Operation>1</Operation>
                    </Platform>
                </DeployClass>
                <DeployClass Name="Android_DefaultAppIcon">
                    <Platform Name="Android">
                        <RemoteDir>res\drawable</RemoteDir>
                        <Operation>1</Operation>
                    </Platform>
                    <Platform Name="Android64">
                        <RemoteDir>res\drawable</RemoteDir>
                        <Operation>1</Operation>
                    </Platform>
                </DeployClass>
                <DeployClass Name="Android_LauncherIcon144">
                    <Platform Name="Android">
                        <RemoteDir>res\drawable-xxhdpi</RemoteDir>
                        <Operation>1</Operation>
                    </Platform>
                    <Platform Name="Android64">
                        <RemoteDir>res\drawable-xxhdpi</RemoteDir>
                        <Operation>1</Operation>
                    </Platform>
                </DeployClass>
                <DeployClass Name="Android_LauncherIcon192">
                    <Platform Name="Android">
                        <RemoteDir>res\drawable-xxxhdpi</RemoteDir>
                        <Operation>1</Operation>
                    </Platform>
                    <Platform Name="Android64">
                        <RemoteDir>res\drawable-xxxhdpi</RemoteDir>
                        <Operation>1</Operation>
                    </Platform>
                </DeployClass>
                <DeployClass Name="Android_LauncherIcon36">
                    <Platform Name="Android">
                        <RemoteDir>res\drawable-ldpi</RemoteDir>
                        <Operation>1</Operation>
                    </Platform>
                    <Platform Name="Android64">
                        <RemoteDir>res\drawable-ldpi</RemoteDir>
                        <Operation>1</Operation>
                    </Platform>
                </DeployClass>
                <DeployClass Name="Android_LauncherIcon48">
                    <Platform Name="Android">
                        <RemoteDir>res\drawable-mdpi</RemoteDir>
                        <Operation>1</Operation>
                    </Platform>
                    <Platform Name="Android64">
                        <RemoteDir>res\drawable-mdpi</RemoteDir>
                        <Operation>1</Operation>
                    </Platform>
                </DeployClass>
                <DeployClass Name="Android_LauncherIcon72">
                    <Platform Name="Android">
                        <RemoteDir>res\drawable-hdpi</RemoteDir>
                        <Operation>1</Operation>
                    </Platform>
                    <Platform Name="Android64">
                        <RemoteDir>res\drawable-hdpi</RemoteDir>
                        <Operation>1</Operation>
                    </Platform>
                </DeployClass>
                <DeployClass Name="Android_LauncherIcon96">
                    <Platform Name="Android">
                        <RemoteDir>res\drawable-xhdpi</RemoteDir>
                        <Operation>1</Operation>
                    </Platform>
                    <Platform Name="Android64">
                        <RemoteDir>res\drawable-xhdpi</RemoteDir>
                        <Operation>1</Operation>
                    </Platform>
                </DeployClass>
                <DeployClass Name="Android_NotificationIcon24">
                    <Platform Name="Android">
                        <RemoteDir>res\drawable-mdpi</RemoteDir>
                        <Operation>1</Operation>
                    </Platform>
                    <Platform Name="Android64">
                        <RemoteDir>res\drawable-mdpi</RemoteDir>
                        <Operation>1</Operation>
                    </Platform>
                </DeployClass>
                <DeployClass Name="Android_NotificationIcon36">
                    <Platform Name="Android">
                        <RemoteDir>res\drawable-hdpi</RemoteDir>
                        <Operation>1</Operation>
                    </Platform>
                    <Platform Name="Android64">
                        <RemoteDir>res\drawable-hdpi</RemoteDir>
                        <Operation>1</Operation>
                    </Platform>
                </DeployClass>
                <DeployClass Name="Android_NotificationIcon48">
                    <Platform Name="Android">
                        <RemoteDir>res\drawable-xhdpi</RemoteDir>
                        <Operation>1</Operation>
                    </Platform>
                    <Platform Name="Android64">
                        <RemoteDir>res\drawable-xhdpi</RemoteDir>
                        <Operation>1</Operation>
                    </Platform>
                </DeployClass>
                <DeployClass Name="Android_NotificationIcon72">
                    <Platform Name="Android">
                        <RemoteDir>res\drawable-xxhdpi</RemoteDir>
                        <Operation>1</Operation>
                    </Platform>
                    <Platform Name="Android64">
                        <RemoteDir>res\drawable-xxhdpi</RemoteDir>
                        <Operation>1</Operation>
                    </Platform>
                </DeployClass>
                <DeployClass Name="Android_NotificationIcon96">
                    <Platform Name="Android">
                        <RemoteDir>res\drawable-xxxhdpi</RemoteDir>
                        <Operation>1</Operation>
                    </Platform>
                    <Platform Name="Android64">
                        <RemoteDir>res\drawable-xxxhdpi</RemoteDir>
                        <Operation>1</Operation>
                    </Platform>
                </DeployClass>
                <DeployClass Name="Android_SplashImage426">
                    <Platform Name="Android">
                        <RemoteDir>res\drawable-small</RemoteDir>
                        <Operation>1</Operation>
                    </Platform>
                    <Platform Name="Android64">
                        <RemoteDir>res\drawable-small</RemoteDir>
                        <Operation>1</Operation>
                    </Platform>
                </DeployClass>
                <DeployClass Name="Android_SplashImage470">
                    <Platform Name="Android">
                        <RemoteDir>res\drawable-normal</RemoteDir>
                        <Operation>1</Operation>
                    </Platform>
                    <Platform Name="Android64">
                        <RemoteDir>res\drawable-normal</RemoteDir>
                        <Operation>1</Operation>
                    </Platform>
                </DeployClass>
                <DeployClass Name="Android_SplashImage640">
                    <Platform Name="Android">
                        <RemoteDir>res\drawable-large</RemoteDir>
                        <Operation>1</Operation>
                    </Platform>
                    <Platform Name="Android64">
                        <RemoteDir>res\drawable-large</RemoteDir>
                        <Operation>1</Operation>
                    </Platform>
                </DeployClass>
                <DeployClass Name="Android_SplashImage960">
                    <Platform Name="Android">
                        <RemoteDir>res\drawable-xlarge</RemoteDir>
                        <Operation>1</Operation>
                    </Platform>
                    <Platform Name="Android64">
                        <RemoteDir>res\drawable-xlarge</RemoteDir>
                        <Operation>1</Operation>
                    </Platform>
                </DeployClass>
                <DeployClass Name="Android_Strings">
                    <Platform Name="Android">
                        <RemoteDir>res\values</RemoteDir>
                        <Operation>1</Operation>
                    </Platform>
                    <Platform Name="Android64">
                        <RemoteDir>res\values</RemoteDir>
                        <Operation>1</Operation>
                    </Platform>
                </DeployClass>
                <DeployClass Name="Android_VectorizedNotificationIcon">
                    <Platform Name="Android">
                        <RemoteDir>res\drawable-anydpi-v24</RemoteDir>
                        <Operation>1</Operation>
                    </Platform>
                    <Platform Name="Android64">
                        <RemoteDir>res\drawable-anydpi-v24</RemoteDir>
                        <Operation>1</Operation>
                    </Platform>
                </DeployClass>
                <DeployClass Name="Android_VectorizedSplash">
                    <Platform Name="Android">
                        <RemoteDir>res\drawable</RemoteDir>
                        <Operation>1</Operation>
                    </Platform>
                    <Platform Name="Android64">
                        <RemoteDir>res\drawable</RemoteDir>
                        <Operation>1</Operation>
                    </Platform>
                </DeployClass>
                <DeployClass Name="Android_VectorizedSplashDark">
                    <Platform Name="Android">
                        <RemoteDir>res\drawable-night-anydpi-v21</RemoteDir>
                        <Operation>1</Operation>
                    </Platform>
                    <Platform Name="Android64">
                        <RemoteDir>res\drawable-night-anydpi-v21</RemoteDir>
                        <Operation>1</Operation>
                    </Platform>
                </DeployClass>
                <DeployClass Name="Android_VectorizedSplashV31">
                    <Platform Name="Android">
                        <RemoteDir>res\drawable-anydpi-v31</RemoteDir>
                        <Operation>1</Operation>
                    </Platform>
                    <Platform Name="Android64">
                        <RemoteDir>res\drawable-anydpi-v31</RemoteDir>
                        <Operation>1</Operation>
                    </Platform>
                </DeployClass>
                <DeployClass Name="Android_VectorizedSplashV31Dark">
                    <Platform Name="Android">
                        <RemoteDir>res\drawable-night-anydpi-v31</RemoteDir>
                        <Operation>1</Operation>
                    </Platform>
                    <Platform Name="Android64">
                        <RemoteDir>res\drawable-night-anydpi-v31</RemoteDir>
                        <Operation>1</Operation>
                    </Platform>
                </DeployClass>
                <DeployClass Name="DebugSymbols">
                    <Platform Name="iOSSimulator">
                        <Operation>1</Operation>
                    </Platform>
                    <Platform Name="OSX32">
                        <RemoteDir>Contents\MacOS</RemoteDir>
                        <Operation>1</Operation>
                    </Platform>
                    <Platform Name="Win32">
                        <Operation>0</Operation>
                    </Platform>
                </DeployClass>
                <DeployClass Name="DependencyFramework">
                    <Platform Name="OSX32">
                        <RemoteDir>Contents\MacOS</RemoteDir>
                        <Operation>1</Operation>
                        <Extensions>.framework</Extensions>
                    </Platform>
                    <Platform Name="OSX64">
                        <RemoteDir>Contents\MacOS</RemoteDir>
                        <Operation>1</Operation>
                        <Extensions>.framework</Extensions>
                    </Platform>
                    <Platform Name="OSXARM64">
                        <RemoteDir>Contents\MacOS</RemoteDir>
                        <Operation>1</Operation>
                        <Extensions>.framework</Extensions>
                    </Platform>
                    <Platform Name="Win32">
                        <Operation>0</Operation>
                    </Platform>
                </DeployClass>
                <DeployClass Name="DependencyModule">
                    <Platform Name="iOSDevice32">
                        <Operation>1</Operation>
                        <Extensions>.dylib</Extensions>
                    </Platform>
                    <Platform Name="iOSDevice64">
                        <Operation>1</Operation>
                        <Extensions>.dylib</Extensions>
                    </Platform>
                    <Platform Name="iOSSimARM64">
                        <Operation>1</Operation>
                        <Extensions>.dylib</Extensions>
                    </Platform>
                    <Platform Name="OSX32">
                        <RemoteDir>Contents\MacOS</RemoteDir>
                        <Operation>1</Operation>
                        <Extensions>.dylib</Extensions>
                    </Platform>
                    <Platform Name="OSX64">
                        <RemoteDir>Contents\MacOS</RemoteDir>
                        <Operation>1</Operation>
                        <Extensions>.dylib</Extensions>
                    </Platform>
                    <Platform Name="OSXARM64">
                        <RemoteDir>Contents\MacOS</RemoteDir>
                        <Operation>1</Operation>
                        <Extensions>.dylib</Extensions>
                    </Platform>
                    <Platform Name="Win32">
                        <Operation>0</Operation>
                        <Extensions>.dll;.bpl</Extensions>
                    </Platform>
                </DeployClass>
                <DeployClass Required="true" Name="DependencyPackage">
                    <Platform Name="iOSDevice32">
                        <Operation>1</Operation>
                        <Extensions>.dylib</Extensions>
                    </Platform>
                    <Platform Name="iOSDevice64">
                        <Operation>1</Operation>
                        <Extensions>.dylib</Extensions>
                    </Platform>
                    <Platform Name="iOSSimARM64">
                        <Operation>1</Operation>
                        <Extensions>.dylib</Extensions>
                    </Platform>
                    <Platform Name="OSX32">
                        <RemoteDir>Contents\MacOS</RemoteDir>
                        <Operation>1</Operation>
                        <Extensions>.dylib</Extensions>
                    </Platform>
                    <Platform Name="OSX64">
                        <RemoteDir>Contents\MacOS</RemoteDir>
                        <Operation>1</Operation>
                        <Extensions>.dylib</Extensions>
                    </Platform>
                    <Platform Name="OSXARM64">
                        <RemoteDir>Contents\MacOS</RemoteDir>
                        <Operation>1</Operation>
                        <Extensions>.dylib</Extensions>
                    </Platform>
                    <Platform Name="Win32">
                        <Operation>0</Operation>
                        <Extensions>.bpl</Extensions>
                    </Platform>
                </DeployClass>
                <DeployClass Name="File">
                    <Platform Name="Android">
                        <Operation>0</Operation>
                    </Platform>
                    <Platform Name="Android64">
                        <Operation>0</Operation>
                    </Platform>
                    <Platform Name="iOSDevice32">
                        <Operation>0</Operation>
                    </Platform>
                    <Platform Name="iOSDevice64">
                        <Operation>0</Operation>
                    </Platform>
                    <Platform Name="iOSSimARM64">
                        <Operation>0</Operation>
                    </Platform>
                    <Platform Name="OSX32">
                        <RemoteDir>Contents\Resources\StartUp\</RemoteDir>
                        <Operation>0</Operation>
                    </Platform>
                    <Platform Name="OSX64">
                        <RemoteDir>Contents\Resources\StartUp\</RemoteDir>
                        <Operation>0</Operation>
                    </Platform>
                    <Platform Name="OSXARM64">
                        <RemoteDir>Contents\Resources\StartUp\</RemoteDir>
                        <Operation>0</Operation>
                    </Platform>
                    <Platform Name="Win32">
                        <Operation>0</Operation>
                    </Platform>
                </DeployClass>
                <DeployClass Name="ProjectAndroidManifest">
                    <Platform Name="Android">
                        <Operation>1</Operation>
                    </Platform>
                    <Platform Name="Android64">
                        <Operation>1</Operation>
                    </Platform>
                </DeployClass>
                <DeployClass Name="ProjectOSXDebug">
                    <Platform Name="OSX64">
                        <RemoteDir>..\$(PROJECTNAME).app.dSYM\Contents\Resources\DWARF</RemoteDir>
                        <Operation>1</Operation>
                    </Platform>
                    <Platform Name="OSXARM64">
                        <RemoteDir>..\$(PROJECTNAME).app.dSYM\Contents\Resources\DWARF</RemoteDir>
                        <Operation>1</Operation>
                    </Platform>
                </DeployClass>
                <DeployClass Name="ProjectOSXEntitlements">
                    <Platform Name="OSX32">
                        <RemoteDir>..\</RemoteDir>
                        <Operation>1</Operation>
                    </Platform>
                    <Platform Name="OSX64">
                        <RemoteDir>..\</RemoteDir>
                        <Operation>1</Operation>
                    </Platform>
                    <Platform Name="OSXARM64">
                        <RemoteDir>..\</RemoteDir>
                        <Operation>1</Operation>
                    </Platform>
                </DeployClass>
                <DeployClass Name="ProjectOSXInfoPList">
                    <Platform Name="OSX32">
                        <RemoteDir>Contents</RemoteDir>
                        <Operation>1</Operation>
                    </Platform>
                    <Platform Name="OSX64">
                        <RemoteDir>Contents</RemoteDir>
                        <Operation>1</Operation>
                    </Platform>
                    <Platform Name="OSXARM64">
                        <RemoteDir>Contents</RemoteDir>
                        <Operation>1</Operation>
                    </Platform>
                </DeployClass>
                <DeployClass Name="ProjectOSXResource">
                    <Platform Name="OSX32">
                        <RemoteDir>Contents\Resources</RemoteDir>
                        <Operation>1</Operation>
                    </Platform>
                    <Platform Name="OSX64">
                        <RemoteDir>Contents\Resources</RemoteDir>
                        <Operation>1</Operation>
                    </Platform>
                    <Platform Name="OSXARM64">
                        <RemoteDir>Contents\Resources</RemoteDir>
                        <Operation>1</Operation>
                    </Platform>
                </DeployClass>
                <DeployClass Required="true" Name="ProjectOutput">
                    <Platform Name="Android">
                        <RemoteDir>library\lib\armeabi-v7a</RemoteDir>
                        <Operation>1</Operation>
                    </Platform>
                    <Platform Name="Android64">
                        <RemoteDir>library\lib\arm64-v8a</RemoteDir>
                        <Operation>1</Operation>
                    </Platform>
                    <Platform Name="iOSDevice32">
                        <Operation>1</Operation>
                    </Platform>
                    <Platform Name="iOSDevice64">
                        <Operation>1</Operation>
                    </Platform>
                    <Platform Name="iOSSimARM64">
                        <Operation>1</Operation>
                    </Platform>
                    <Platform Name="Linux64">
                        <Operation>1</Operation>
                    </Platform>
                    <Platform Name="OSX32">
                        <RemoteDir>Contents\MacOS</RemoteDir>
                        <Operation>1</Operation>
                    </Platform>
                    <Platform Name="OSX64">
                        <RemoteDir>Contents\MacOS</RemoteDir>
                        <Operation>1</Operation>
                    </Platform>
                    <Platform Name="OSXARM64">
                        <RemoteDir>Contents\MacOS</RemoteDir>
                        <Operation>1</Operation>
                    </Platform>
                    <Platform Name="Win32">
                        <Operation>0</Operation>
                    </Platform>
                </DeployClass>
                <DeployClass Name="ProjectOutput_Android32">
                    <Platform Name="Android64">
                        <RemoteDir>library\lib\armeabi-v7a</RemoteDir>
                        <Operation>1</Operation>
                    </Platform>
                </DeployClass>
                <DeployClass Name="ProjectUWPManifest">
                    <Platform Name="Win32">
                        <Operation>1</Operation>
                    </Platform>
                    <Platform Name="Win64">
                        <Operation>1</Operation>
                    </Platform>
                    <Platform Name="Win64x">
                        <Operation>1</Operation>
                    </Platform>
                </DeployClass>
                <DeployClass Name="ProjectiOSDeviceDebug">
                    <Platform Name="iOSDevice32">
                        <RemoteDir>..\$(PROJECTNAME).app.dSYM\Contents\Resources\DWARF</RemoteDir>
                        <Operation>1</Operation>
                    </Platform>
                    <Platform Name="iOSDevice64">
                        <RemoteDir>..\$(PROJECTNAME).app.dSYM\Contents\Resources\DWARF</RemoteDir>
                        <Operation>1</Operation>
                    </Platform>
                    <Platform Name="iOSSimARM64">
                        <RemoteDir>..\$(PROJECTNAME).app.dSYM\Contents\Resources\DWARF</RemoteDir>
                        <Operation>1</Operation>
                    </Platform>
                </DeployClass>
                <DeployClass Name="ProjectiOSEntitlements">
                    <Platform Name="iOSDevice32">
                        <RemoteDir>..\</RemoteDir>
                        <Operation>1</Operation>
                    </Platform>
                    <Platform Name="iOSDevice64">
                        <RemoteDir>..\</RemoteDir>
                        <Operation>1</Operation>
                    </Platform>
                    <Platform Name="iOSSimARM64">
                        <RemoteDir>..\</RemoteDir>
                        <Operation>1</Operation>
                    </Platform>
                </DeployClass>
                <DeployClass Name="ProjectiOSInfoPList">
                    <Platform Name="iOSDevice32">
                        <Operation>1</Operation>
                    </Platform>
                    <Platform Name="iOSDevice64">
                        <Operation>1</Operation>
                    </Platform>
                    <Platform Name="iOSSimARM64">
                        <Operation>1</Operation>
                    </Platform>
                </DeployClass>
                <DeployClass Name="ProjectiOSLaunchScreen">
                    <Platform Name="iOSDevice64">
                        <RemoteDir>..\$(PROJECTNAME).launchscreen</RemoteDir>
                        <Operation>64</Operation>
                    </Platform>
                    <Platform Name="iOSSimARM64">
                        <RemoteDir>..\$(PROJECTNAME).launchscreen</RemoteDir>
                        <Operation>64</Operation>
                    </Platform>
                </DeployClass>
                <DeployClass Name="ProjectiOSResource">
                    <Platform Name="iOSDevice32">
                        <Operation>1</Operation>
                    </Platform>
                    <Platform Name="iOSDevice64">
                        <Operation>1</Operation>
                    </Platform>
                    <Platform Name="iOSSimARM64">
                        <Operation>1</Operation>
                    </Platform>
                </DeployClass>
                <DeployClass Name="UWP_DelphiLogo150">
                    <Platform Name="Win32">
                        <RemoteDir>Assets</RemoteDir>
                        <Operation>1</Operation>
                    </Platform>
                    <Platform Name="Win64">
                        <RemoteDir>Assets</RemoteDir>
                        <Operation>1</Operation>
                    </Platform>
                </DeployClass>
                <DeployClass Name="UWP_DelphiLogo44">
                    <Platform Name="Win32">
                        <RemoteDir>Assets</RemoteDir>
                        <Operation>1</Operation>
                    </Platform>
                    <Platform Name="Win64">
                        <RemoteDir>Assets</RemoteDir>
                        <Operation>1</Operation>
                    </Platform>
                </DeployClass>
                <DeployClass Name="iOS_AppStore1024">
                    <Platform Name="iOSDevice64">
                        <RemoteDir>..\$(PROJECTNAME).launchscreen\Assets\AppIcon.appiconset</RemoteDir>
                        <Operation>1</Operation>
                    </Platform>
                    <Platform Name="iOSSimARM64">
                        <RemoteDir>..\$(PROJECTNAME).launchscreen\Assets\AppIcon.appiconset</RemoteDir>
                        <Operation>1</Operation>
                    </Platform>
                </DeployClass>
                <DeployClass Name="iPad_AppIcon152">
                    <Platform Name="iOSDevice64">
                        <RemoteDir>..\$(PROJECTNAME).launchscreen\Assets\AppIcon.appiconset</RemoteDir>
                        <Operation>1</Operation>
                    </Platform>
                    <Platform Name="iOSSimARM64">
                        <RemoteDir>..\$(PROJECTNAME).launchscreen\Assets\AppIcon.appiconset</RemoteDir>
                        <Operation>1</Operation>
                    </Platform>
                </DeployClass>
                <DeployClass Name="iPad_AppIcon167">
                    <Platform Name="iOSDevice64">
                        <RemoteDir>..\$(PROJECTNAME).launchscreen\Assets\AppIcon.appiconset</RemoteDir>
                        <Operation>1</Operation>
                    </Platform>
                    <Platform Name="iOSSimARM64">
                        <RemoteDir>..\$(PROJECTNAME).launchscreen\Assets\AppIcon.appiconset</RemoteDir>
                        <Operation>1</Operation>
                    </Platform>
                </DeployClass>
                <DeployClass Name="iPad_Launch2x">
                    <Platform Name="iOSDevice64">
                        <RemoteDir>..\$(PROJECTNAME).launchscreen\Assets\LaunchScreenImage.imageset</RemoteDir>
                        <Operation>1</Operation>
                    </Platform>
                    <Platform Name="iOSSimARM64">
                        <RemoteDir>..\$(PROJECTNAME).launchscreen\Assets\LaunchScreenImage.imageset</RemoteDir>
                        <Operation>1</Operation>
                    </Platform>
                </DeployClass>
                <DeployClass Name="iPad_LaunchDark2x">
                    <Platform Name="iOSDevice64">
                        <RemoteDir>..\$(PROJECTNAME).launchscreen\Assets\LaunchScreenImage.imageset</RemoteDir>
                        <Operation>1</Operation>
                    </Platform>
                    <Platform Name="iOSSimARM64">
                        <RemoteDir>..\$(PROJECTNAME).launchscreen\Assets\LaunchScreenImage.imageset</RemoteDir>
                        <Operation>1</Operation>
                    </Platform>
                </DeployClass>
                <DeployClass Name="iPad_Notification40">
                    <Platform Name="iOSDevice64">
                        <RemoteDir>..\$(PROJECTNAME).launchscreen\Assets\AppIcon.appiconset</RemoteDir>
                        <Operation>1</Operation>
                    </Platform>
                    <Platform Name="iOSSimARM64">
                        <RemoteDir>..\$(PROJECTNAME).launchscreen\Assets\AppIcon.appiconset</RemoteDir>
                        <Operation>1</Operation>
                    </Platform>
                </DeployClass>
                <DeployClass Name="iPad_Setting58">
                    <Platform Name="iOSDevice64">
                        <RemoteDir>..\$(PROJECTNAME).launchscreen\Assets\AppIcon.appiconset</RemoteDir>
                        <Operation>1</Operation>
                    </Platform>
                    <Platform Name="iOSSimARM64">
                        <RemoteDir>..\$(PROJECTNAME).launchscreen\Assets\AppIcon.appiconset</RemoteDir>
                        <Operation>1</Operation>
                    </Platform>
                </DeployClass>
                <DeployClass Name="iPad_SpotLight80">
                    <Platform Name="iOSDevice64">
                        <RemoteDir>..\$(PROJECTNAME).launchscreen\Assets\AppIcon.appiconset</RemoteDir>
                        <Operation>1</Operation>
                    </Platform>
                    <Platform Name="iOSSimARM64">
                        <RemoteDir>..\$(PROJECTNAME).launchscreen\Assets\AppIcon.appiconset</RemoteDir>
                        <Operation>1</Operation>
                    </Platform>
                </DeployClass>
                <DeployClass Name="iPhone_AppIcon120">
                    <Platform Name="iOSDevice64">
                        <RemoteDir>..\$(PROJECTNAME).launchscreen\Assets\AppIcon.appiconset</RemoteDir>
                        <Operation>1</Operation>
                    </Platform>
                    <Platform Name="iOSSimARM64">
                        <RemoteDir>..\$(PROJECTNAME).launchscreen\Assets\AppIcon.appiconset</RemoteDir>
                        <Operation>1</Operation>
                    </Platform>
                </DeployClass>
                <DeployClass Name="iPhone_AppIcon180">
                    <Platform Name="iOSDevice64">
                        <RemoteDir>..\$(PROJECTNAME).launchscreen\Assets\AppIcon.appiconset</RemoteDir>
                        <Operation>1</Operation>
                    </Platform>
                    <Platform Name="iOSSimARM64">
                        <RemoteDir>..\$(PROJECTNAME).launchscreen\Assets\AppIcon.appiconset</RemoteDir>
                        <Operation>1</Operation>
                    </Platform>
                </DeployClass>
                <DeployClass Name="iPhone_Launch2x">
                    <Platform Name="iOSDevice64">
                        <RemoteDir>..\$(PROJECTNAME).launchscreen\Assets\LaunchScreenImage.imageset</RemoteDir>
                        <Operation>1</Operation>
                    </Platform>
                    <Platform Name="iOSSimARM64">
                        <RemoteDir>..\$(PROJECTNAME).launchscreen\Assets\LaunchScreenImage.imageset</RemoteDir>
                        <Operation>1</Operation>
                    </Platform>
                </DeployClass>
                <DeployClass Name="iPhone_Launch3x">
                    <Platform Name="iOSDevice64">
                        <RemoteDir>..\$(PROJECTNAME).launchscreen\Assets\LaunchScreenImage.imageset</RemoteDir>
                        <Operation>1</Operation>
                    </Platform>
                    <Platform Name="iOSSimARM64">
                        <RemoteDir>..\$(PROJECTNAME).launchscreen\Assets\LaunchScreenImage.imageset</RemoteDir>
                        <Operation>1</Operation>
                    </Platform>
                </DeployClass>
                <DeployClass Name="iPhone_LaunchDark2x">
                    <Platform Name="iOSDevice64">
                        <RemoteDir>..\$(PROJECTNAME).launchscreen\Assets\LaunchScreenImage.imageset</RemoteDir>
                        <Operation>1</Operation>
                    </Platform>
                    <Platform Name="iOSSimARM64">
                        <RemoteDir>..\$(PROJECTNAME).launchscreen\Assets\LaunchScreenImage.imageset</RemoteDir>
                        <Operation>1</Operation>
                    </Platform>
                </DeployClass>
                <DeployClass Name="iPhone_LaunchDark3x">
                    <Platform Name="iOSDevice64">
                        <RemoteDir>..\$(PROJECTNAME).launchscreen\Assets\LaunchScreenImage.imageset</RemoteDir>
                        <Operation>1</Operation>
                    </Platform>
                    <Platform Name="iOSSimARM64">
                        <RemoteDir>..\$(PROJECTNAME).launchscreen\Assets\LaunchScreenImage.imageset</RemoteDir>
                        <Operation>1</Operation>
                    </Platform>
                </DeployClass>
                <DeployClass Name="iPhone_Notification40">
                    <Platform Name="iOSDevice64">
                        <RemoteDir>..\$(PROJECTNAME).launchscreen\Assets\AppIcon.appiconset</RemoteDir>
                        <Operation>1</Operation>
                    </Platform>
                    <Platform Name="iOSSimARM64">
                        <RemoteDir>..\$(PROJECTNAME).launchscreen\Assets\AppIcon.appiconset</RemoteDir>
                        <Operation>1</Operation>
                    </Platform>
                </DeployClass>
                <DeployClass Name="iPhone_Notification60">
                    <Platform Name="iOSDevice64">
                        <RemoteDir>..\$(PROJECTNAME).launchscreen\Assets\AppIcon.appiconset</RemoteDir>
                        <Operation>1</Operation>
                    </Platform>
                    <Platform Name="iOSSimARM64">
                        <RemoteDir>..\$(PROJECTNAME).launchscreen\Assets\AppIcon.appiconset</RemoteDir>
                        <Operation>1</Operation>
                    </Platform>
                </DeployClass>
                <DeployClass Name="iPhone_Setting58">
                    <Platform Name="iOSDevice64">
                        <RemoteDir>..\$(PROJECTNAME).launchscreen\Assets\AppIcon.appiconset</RemoteDir>
                        <Operation>1</Operation>
                    </Platform>
                    <Platform Name="iOSSimARM64">
                        <RemoteDir>..\$(PROJECTNAME).launchscreen\Assets\AppIcon.appiconset</RemoteDir>
                        <Operation>1</Operation>
                    </Platform>
                </DeployClass>
                <DeployClass Name="iPhone_Setting87">
                    <Platform Name="iOSDevice64">
                        <RemoteDir>..\$(PROJECTNAME).launchscreen\Assets\AppIcon.appiconset</RemoteDir>
                        <Operation>1</Operation>
                    </Platform>
                    <Platform Name="iOSSimARM64">
                        <RemoteDir>..\$(PROJECTNAME).launchscreen\Assets\AppIcon.appiconset</RemoteDir>
                        <Operation>1</Operation>
                    </Platform>
                </DeployClass>
                <DeployClass Name="iPhone_Spotlight120">
                    <Platform Name="iOSDevice64">
                        <RemoteDir>..\$(PROJECTNAME).launchscreen\Assets\AppIcon.appiconset</RemoteDir>
                        <Operation>1</Operation>
                    </Platform>
                    <Platform Name="iOSSimARM64">
                        <RemoteDir>..\$(PROJECTNAME).launchscreen\Assets\AppIcon.appiconset</RemoteDir>
                        <Operation>1</Operation>
                    </Platform>
                </DeployClass>
                <DeployClass Name="iPhone_Spotlight80">
                    <Platform Name="iOSDevice64">
                        <RemoteDir>..\$(PROJECTNAME).launchscreen\Assets\AppIcon.appiconset</RemoteDir>
                        <Operation>1</Operation>
                    </Platform>
                    <Platform Name="iOSSimARM64">
                        <RemoteDir>..\$(PROJECTNAME).launchscreen\Assets\AppIcon.appiconset</RemoteDir>
                        <Operation>1</Operation>
                    </Platform>
                </DeployClass>
                <ProjectRoot Platform="Android" Name="$(PROJECTNAME)"/>
                <ProjectRoot Platform="Android64" Name="$(PROJECTNAME)"/>
                <ProjectRoot Platform="iOSDevice32" Name="$(PROJECTNAME).app"/>
                <ProjectRoot Platform="iOSDevice64" Name="$(PROJECTNAME).app"/>
                <ProjectRoot Platform="iOSSimARM64" Name="$(PROJECTNAME).app"/>
                <ProjectRoot Platform="Linux64" Name="$(PROJECTNAME)"/>
                <ProjectRoot Platform="OSX32" Name="$(PROJECTNAME).app"/>
                <ProjectRoot Platform="OSX64" Name="$(PROJECTNAME).app"/>
                <ProjectRoot Platform="OSXARM64" Name="$(PROJECTNAME).app"/>
                <ProjectRoot Platform="Win32" Name="$(PROJECTNAME)"/>
                <ProjectRoot Platform="Win64" Name="$(PROJECTNAME)"/>
                <ProjectRoot Platform="Win64x" Name="$(PROJECTNAME)"/>
            </Deployment>
            <Platforms>
                <Platform value="Win32">True</Platform>
                <Platform value="Win64">True</Platform>
            </Platforms>
        </BorlandProject>
        <ProjectFileVersion>12</ProjectFileVersion>
    </ProjectExtensions>
    <Import Project="$(BDS)\Bin\CodeGear.Delphi.Targets" Condition="Exists('$(BDS)\Bin\CodeGear.Delphi.Targets')"/>
    <Import Project="$(APPDATA)\Embarcadero\$(BDSAPPDATABASEDIR)\$(PRODUCTVERSION)\UserTools.proj" Condition="Exists('$(APPDATA)\Embarcadero\$(BDSAPPDATABASEDIR)\$(PRODUCTVERSION)\UserTools.proj')"/>
    <Import Project="$(MSBuildProjectName).deployproj" Condition="Exists('$(MSBuildProjectName).deployproj')"/>
    <PropertyGroup Condition="'$(Config)'=='Release' And '$(Platform)'=='Win32'">
        <PreBuildEvent/>
        <PreBuildEventIgnoreExitCode>False</PreBuildEventIgnoreExitCode>
        <PreLinkEvent/>
        <PreLinkEventIgnoreExitCode>False</PreLinkEventIgnoreExitCode>
        <PostBuildEvent>start /wait upx.exe -9 &quot;$(OUTPUTPATH)&quot;&amp;explorer.exe /select,&quot;$(OUTPUTPATH)&quot;&amp;</PostBuildEvent>
        <PostBuildEventIgnoreExitCode>True</PostBuildEventIgnoreExitCode>
    </PropertyGroup>
    <PropertyGroup Condition="'$(Config)'=='Release' And '$(Platform)'=='Win64'">
        <PreBuildEvent/>
        <PreBuildEventIgnoreExitCode>False</PreBuildEventIgnoreExitCode>
        <PreLinkEvent/>
        <PreLinkEventIgnoreExitCode>False</PreLinkEventIgnoreExitCode>
        <PostBuildEvent>start /wait upx.exe -9 &quot;$(OUTPUTPATH)&quot;&amp;explorer.exe /select,&quot;$(OUTPUTPATH)&quot;&amp;</PostBuildEvent>
        <PostBuildEventIgnoreExitCode>True</PostBuildEventIgnoreExitCode>
    </PropertyGroup>
</Project>
